
Microsoft Visual Studio Solution File, Format Version 12.00
# Visual Studio Version 17
VisualStudioVersion = 17.3.32819.101
MinimumVisualStudioVersion = 10.0.40219.1
Project("{FAE04EC0-301F-11D3-BF4B-00C04F79EFBC}") = "Senac.Endereco.Api", "Senac.Endereco.Api\Senac.Endereco.Api.csproj", "{891003F1-8512-423C-89F0-B101CFB3BF84}"
EndProject
Project("{FAE04EC0-301F-11D3-BF4B-00C04F79EFBC}") = "Senac.Endereco.Dominio", "Senac.Endereco.Dominio\Senac.Endereco.Dominio.csproj", "{841DA72C-1629-4608-9B05-A1BBC1B25D21}"
EndProject
Project("{FAE04EC0-301F-11D3-BF4B-00C04F79EFBC}") = "Empresa.Endereco.Servico", "Empresa.Endereco.Servico\Empresa.Endereco.Servico.csproj", "{4962BE3B-8E37-48DC-BB1E-F89AF68FD2E6}"
EndProject
Global
	GlobalSection(SolutionConfigurationPlatforms) = preSolution
		Debug|Any CPU = Debug|Any CPU
		Release|Any CPU = Release|Any CPU
	EndGlobalSection
	GlobalSection(ProjectConfigurationPlatforms) = postSolution
		{891003F1-8512-423C-89F0-B101CFB3BF84}.Debug|Any CPU.ActiveCfg = Debug|Any CPU
		{891003F1-8512-423C-89F0-B101CFB3BF84}.Debug|Any CPU.Build.0 = Debug|Any CPU
		{891003F1-8512-423C-89F0-B101CFB3BF84}.Release|Any CPU.ActiveCfg = Release|Any CPU
		{891003F1-8512-423C-89F0-B101CFB3BF84}.Release|Any CPU.Build.0 = Release|Any CPU
		{841DA72C-1629-4608-9B05-A1BBC1B25D21}.Debug|Any CPU.ActiveCfg = Debug|Any CPU
		{841DA72C-1629-4608-9B05-A1BBC1B25D21}.Debug|Any CPU.Build.0 = Debug|Any CPU
		{841DA72C-1629-4608-9B05-A1BBC1B25D21}.Release|Any CPU.ActiveCfg = Release|Any CPU
		{841DA72C-1629-4608-9B05-A1BBC1B25D21}.Release|Any CPU.Build.0 = Release|Any CPU
		{4962BE3B-8E37-48DC-BB1E-F89AF68FD2E6}.Debug|Any CPU.ActiveCfg = Debug|Any CPU
		{4962BE3B-8E37-48DC-BB1E-F89AF68FD2E6}.Debug|Any CPU.Build.0 = Debug|Any CPU
		{4962BE3B-8E37-48DC-BB1E-F89AF68FD2E6}.Release|Any CPU.ActiveCfg = Release|Any CPU
		{4962BE3B-8E37-48DC-BB1E-F89AF68FD2E6}.Release|Any CPU.Build.0 = Release|Any CPU
	EndGlobalSection
	GlobalSection(SolutionProperties) = preSolution
		HideSolutionNode = FALSE
	EndGlobalSection
	GlobalSection(ExtensibilityGlobals) = postSolution
		SolutionGuid = {08626FE8-3DFB-4148-8EF5-FA8EB7D6505F}
	EndGlobalSection
EndGlobal
